// !$*UTF8*$!
{
	archiveVersion = 1;
	classes = {
	};
	objectVersion = 56;
	objects = {

/* Begin PBXBuildFile section */
		CBF18D312B7D0FBD000F7E58 /* AppDelegate.swift in Sources */ = {isa = PBXBuildFile; fileRef = CBF18D302B7D0FBD000F7E58 /* AppDelegate.swift */; };
		CBF18D332B7D0FBD000F7E58 /* SceneDelegate.swift in Sources */ = {isa = PBXBuildFile; fileRef = CBF18D322B7D0FBD000F7E58 /* SceneDelegate.swift */; };
		CBF18D352B7D0FBD000F7E58 /* MainViewController.swift in Sources */ = {isa = PBXBuildFile; fileRef = CBF18D342B7D0FBD000F7E58 /* MainViewController.swift */; };
		CBF18D382B7D0FBD000F7E58 /* Main.storyboard in Resources */ = {isa = PBXBuildFile; fileRef = CBF18D362B7D0FBD000F7E58 /* Main.storyboard */; };
		CBF18D3A2B7D0FBF000F7E58 /* Assets.xcassets in Resources */ = {isa = PBXBuildFile; fileRef = CBF18D392B7D0FBF000F7E58 /* Assets.xcassets */; };
		CBF18D3D2B7D0FBF000F7E58 /* LaunchScreen.storyboard in Resources */ = {isa = PBXBuildFile; fileRef = CBF18D3B2B7D0FBF000F7E58 /* LaunchScreen.storyboard */; };
		CBF18D452B7D0FF4000F7E58 /* Question.swift in Sources */ = {isa = PBXBuildFile; fileRef = CBF18D442B7D0FF4000F7E58 /* Question.swift */; };
		CBF18D472B7D100B000F7E58 /* QuizEngine.swift in Sources */ = {isa = PBXBuildFile; fileRef = CBF18D462B7D100B000F7E58 /* QuizEngine.swift */; };
		CBF18D4B2B7D110F000F7E58 /* MoreQuestions.swift in Sources */ = {isa = PBXBuildFile; fileRef = CBF18D4A2B7D110F000F7E58 /* MoreQuestions.swift */; };
/* End PBXBuildFile section */

/* Begin PBXFileReference section */
		CBF18D2D2B7D0FBD000F7E58 /* StartFresh.app */ = {isa = PBXFileReference; explicitFileType = wrapper.application; includeInIndex = 0; path = StartFresh.app; sourceTree = BUILT_PRODUCTS_DIR; };
		CBF18D302B7D0FBD000F7E58 /* AppDelegate.swift */ = {isa = PBXFileReference; lastKnownFileType = sourcecode.swift; path = AppDelegate.swift; sourceTree = "<group>"; };
		CBF18D322B7D0FBD000F7E58 /* SceneDelegate.swift */ = {isa = PBXFileReference; lastKnownFileType = sourcecode.swift; path = SceneDelegate.swift; sourceTree = "<group>"; };
		CBF18D342B7D0FBD000F7E58 /* MainViewController.swift */ = {isa = PBXFileReference; lastKnownFileType = sourcecode.swift; path = MainViewController.swift; sourceTree = "<group>"; };
		CBF18D372B7D0FBD000F7E58 /* Base */ = {isa = PBXFileReference; lastKnownFileType = file.storyboard; name = Base; path = Base.lproj/Main.storyboard; sourceTree = "<group>"; };
		CBF18D392B7D0FBF000F7E58 /* Assets.xcassets */ = {isa = PBXFileReference; lastKnownFileType = folder.assetcatalog; path = Assets.xcassets; sourceTree = "<group>"; };
		CBF18D3C2B7D0FBF000F7E58 /* Base */ = {isa = PBXFileReference; lastKnownFileType = file.storyboard; name = Base; path = Base.lproj/LaunchScreen.storyboard; sourceTree = "<group>"; };
		CBF18D3E2B7D0FBF000F7E58 /* Info.plist */ = {isa = PBXFileReference; lastKnownFileType = text.plist.xml; path = Info.plist; sourceTree = "<group>"; };
		CBF18D442B7D0FF4000F7E58 /* Question.swift */ = {isa = PBXFileReference; lastKnownFileType = sourcecode.swift; path = Question.swift; sourceTree = "<group>"; };
		CBF18D462B7D100B000F7E58 /* QuizEngine.swift */ = {isa = PBXFileReference; lastKnownFileType = sourcecode.swift; path = QuizEngine.swift; sourceTree = "<group>"; };
		CBF18D4A2B7D110F000F7E58 /* MoreQuestions.swift */ = {isa = PBXFileReference; lastKnownFileType = sourcecode.swift; path = MoreQuestions.swift; sourceTree = "<group>"; };
/* End PBXFileReference section */

/* Begin PBXFrameworksBuildPhase section */
		CBF18D2A2B7D0FBD000F7E58 /* Frameworks */ = {
			isa = PBXFrameworksBuildPhase;
			buildActionMask = 2147483647;
			files = (
			);
			runOnlyForDeploymentPostprocessing = 0;
		};
/* End PBXFrameworksBuildPhase section */

/* Begin PBXGroup section */
		CBF18D242B7D0FBD000F7E58 = {
			isa = PBXGroup;
			children = (
				CBF18D2F2B7D0FBD000F7E58 /* StartFresh */,
				CBF18D2E2B7D0FBD000F7E58 /* Products */,
			);
			sourceTree = "<group>";
		};
		CBF18D2E2B7D0FBD000F7E58 /* Products */ = {
			isa = PBXGroup;
			children = (
				CBF18D2D2B7D0FBD000F7E58 /* StartFresh.app */,
			);
			name = Products;
			sourceTree = "<group>";
		};
		CBF18D2F2B7D0FBD000F7E58 /* StartFresh */ = {
			isa = PBXGroup;
			children = (
				CBF18D302B7D0FBD000F7E58 /* AppDelegate.swift */,
				CBF18D322B7D0FBD000F7E58 /* SceneDelegate.swift */,
				CBF18D482B7D1024000F7E58 /* Model */,
				CBF18D492B7D1032000F7E58 /* View */,
				CBF18D362B7D0FBD000F7E58 /* Main.storyboard */,
				CBF18D392B7D0FBF000F7E58 /* Assets.xcassets */,
				CBF18D3B2B7D0FBF000F7E58 /* LaunchScreen.storyboard */,
				CBF18D3E2B7D0FBF000F7E58 /* Info.plist */,
			);
			path = StartFresh;
			sourceTree = "<group>";
		};
		CBF18D482B7D1024000F7E58 /* Model */ = {
			isa = PBXGroup;
			children = (
				CBF18D442B7D0FF4000F7E58 /* Question.swift */,
				CBF18D462B7D100B000F7E58 /* QuizEngine.swift */,
				CBF18D4A2B7D110F000F7E58 /* MoreQuestions.swift */,
			);
			path = Model;
			sourceTree = "<group>";
		};
		CBF18D492B7D1032000F7E58 /* View */ = {
			isa = PBXGroup;
			children = (
				CBF18D342B7D0FBD000F7E58 /* MainViewController.swift */,
			);
			path = View;
			sourceTree = "<group>";
		};
/* End PBXGroup section */

/* Begin PBXNativeTarget section */
		CBF18D2C2B7D0FBD000F7E58 /* StartFresh */ = {
			isa = PBXNativeTarget;
			buildConfigurationList = CBF18D412B7D0FBF000F7E58 /* Build configuration list for PBXNativeTarget "StartFresh" */;
			buildPhases = (
				CBF18D292B7D0FBD000F7E58 /* Sources */,
				CBF18D2A2B7D0FBD000F7E58 /* Frameworks */,
				CBF18D2B2B7D0FBD000F7E58 /* Resources */,
			);
			buildRules = (
			);
			dependencies = (
			);
			name = StartFresh;
			productName = StartFresh;
			productReference = CBF18D2D2B7D0FBD000F7E58 /* StartFresh.app */;
			productType = "com.apple.product-type.application";
		};
/* End PBXNativeTarget section */

/* Begin PBXProject section */
		CBF18D252B7D0FBD000F7E58 /* Project object */ = {
			isa = PBXProject;
			attributes = {
				BuildIndependentTargetsInParallel = 1;
				LastSwiftUpdateCheck = 1520;
				LastUpgradeCheck = 1520;
				TargetAttributes = {
					CBF18D2C2B7D0FBD000F7E58 = {
						CreatedOnToolsVersion = 15.2;
					};
				};
			};
			buildConfigurationList = CBF18D282B7D0FBD000F7E58 /* Build configuration list for PBXProject "StartFresh" */;
			compatibilityVersion = "Xcode 14.0";
			developmentRegion = en;
			hasScannedForEncodings = 0;
			knownRegions = (
				en,
				Base,
			);
			mainGroup = CBF18D242B7D0FBD000F7E58;
			productRefGroup = CBF18D2E2B7D0FBD000F7E58 /* Products */;
			projectDirPath = "";
			projectRoot = "";
			targets = (
				CBF18D2C2B7D0FBD000F7E58 /* StartFresh */,
			);
		};
/* End PBXProject section */

/* Begin PBXResourcesBuildPhase section */
		CBF18D2B2B7D0FBD000F7E58 /* Resources */ = {
			isa = PBXResourcesBuildPhase;
			buildActionMask = 2147483647;
			files = (
				CBF18D3D2B7D0FBF000F7E58 /* LaunchScreen.storyboard in Resources */,
				CBF18D3A2B7D0FBF000F7E58 /* Assets.xcassets in Resources */,
				CBF18D382B7D0FBD000F7E58 /* Main.storyboard in Resources */,
			);
			runOnlyForDeploymentPostprocessing = 0;
		};
/* End PBXResourcesBuildPhase section */

/* Begin PBXSourcesBuildPhase section */
		CBF18D292B7D0FBD000F7E58 /* Sources */ = {
			isa = PBXSourcesBuildPhase;
			buildActionMask = 2147483647;
			files = (
				CBF18D352B7D0FBD000F7E58 /* MainViewController.swift in Sources */,
				CBF18D472B7D100B000F7E58 /* QuizEngine.swift in Sources */,
				CBF18D452B7D0FF4000F7E58 /* Question.swift in Sources */,
				CBF18D312B7D0FBD000F7E58 /* AppDelegate.swift in Sources */,
				CBF18D4B2B7D110F000F7E58 /* MoreQuestions.swift in Sources */,
				CBF18D332B7D0FBD000F7E58 /* SceneDelegate.swift in Sources */,
			);
			runOnlyForDeploymentPostprocessing = 0;
		};
/* End PBXSourcesBuildPhase section */

/* Begin PBXVariantGroup section */
		CBF18D362B7D0FBD000F7E58 /* Main.storyboard */ = {
			isa = PBXVariantGroup;
			children = (
				CBF18D372B7D0FBD000F7E58 /* Base */,
			);
			name = Main.storyboard;
			sourceTree = "<group>";
		};
		CBF18D3B2B7D0FBF000F7E58 /* LaunchScreen.storyboard */ = {
			isa = PBXVariantGroup;
			children = (
				CBF18D3C2B7D0FBF000F7E58 /* Base */,
			);
			name = LaunchScreen.storyboard;
			sourceTree = "<group>";
		};
/* End PBXVariantGroup section */

/* Begin XCBuildConfiguration section */
		CBF18D3F2B7D0FBF000F7E58 /* Debug */ = {
			isa = XCBuildConfiguration;
			buildSettings = {
				ALWAYS_SEARCH_USER_PATHS = NO;
				ASSETCATALOG_COMPILER_GENERATE_SWIFT_ASSET_SYMBOL_EXTENSIONS = YES;
				CLANG_ANALYZER_NONNULL = YES;
				CLANG_ANALYZER_NUMBER_OBJECT_CONVERSION = YES_AGGRESSIVE;
				CLANG_CXX_LANGUAGE_STANDARD = "gnu++20";
				CLANG_ENABLE_MODULES = YES;
				CLANG_ENABLE_OBJC_ARC = YES;
				CLANG_ENABLE_OBJC_WEAK = YES;
				CLANG_WARN_BLOCK_CAPTURE_AUTORELEASING = YES;
				CLANG_WARN_BOOL_CONVERSION = YES;
				CLANG_WARN_COMMA = YES;
				CLANG_WARN_CONSTANT_CONVERSION = YES;
				CLANG_WARN_DEPRECATED_OBJC_IMPLEMENTATIONS = YES;
				CLANG_WARN_DIRECT_OBJC_ISA_USAGE = YES_ERROR;
				CLANG_WARN_DOCUMENTATION_COMMENTS = YES;
				CLANG_WARN_EMPTY_BODY = YES;
				CLANG_WARN_ENUM_CONVERSION = YES;
				CLANG_WARN_INFINITE_RECURSION = YES;
				CLANG_WARN_INT_CONVERSION = YES;
				CLANG_WARN_NON_LITERAL_NULL_CONVERSION = YES;
				CLANG_WARN_OBJC_IMPLICIT_RETAIN_SELF = YES;
				CLANG_WARN_OBJC_LITERAL_CONVERSION = YES;
				CLANG_WARN_OBJC_ROOT_CLASS = YES_ERROR;
				CLANG_WARN_QUOTED_INCLUDE_IN_FRAMEWORK_HEADER = YES;
				CLANG_WARN_RANGE_LOOP_ANALYSIS = YES;
				CLANG_WARN_STRICT_PROTOTYPES = YES;
				CLANG_WARN_SUSPICIOUS_MOVE = YES;
				CLANG_WARN_UNGUARDED_AVAILABILITY = YES_AGGRESSIVE;
				CLANG_WARN_UNREACHABLE_CODE = YES;
				CLANG_WARN__DUPLICATE_METHOD_MATCH = YES;
				COPY_PHASE_STRIP = NO;
				DEBUG_INFORMATION_FORMAT = dwarf;
				ENABLE_STRICT_OBJC_MSGSEND = YES;
				ENABLE_TESTABILITY = YES;
				ENABLE_USER_SCRIPT_SANDBOXING = YES;
				GCC_C_LANGUAGE_STANDARD = gnu17;
				GCC_DYNAMIC_NO_PIC = NO;
				GCC_NO_COMMON_BLOCKS = YES;
				GCC_OPTIMIZATION_LEVEL = 0;
				GCC_PREPROCESSOR_DEFINITIONS = (
					"DEBUG=1",
					"$(inherited)",
				);
				GCC_WARN_64_TO_32_BIT_CONVERSION = YES;
				GCC_WARN_ABOUT_RETURN_TYPE = YES_ERROR;
				GCC_WARN_UNDECLARED_SELECTOR = YES;
				GCC_WARN_UNINITIALIZED_AUTOS = YES_AGGRESSIVE;
				GCC_WARN_UNUSED_FUNCTION = YES;
				GCC_WARN_UNUSED_VARIABLE = YES;
				IPHONEOS_DEPLOYMENT_TARGET = 17.2;
				LOCALIZATION_PREFERS_STRING_CATALOGS = YES;
				MTL_ENABLE_DEBUG_INFO = INCLUDE_SOURCE;
				MTL_FAST_MATH = YES;
				ONLY_ACTIVE_ARCH = YES;
				SDKROOT = iphoneos;
				SWIFT_ACTIVE_COMPILATION_CONDITIONS = "DEBUG $(inherited)";
				SWIFT_OPTIMIZATION_LEVEL = "-Onone";
			};
			name = Debug;
		};
		CBF18D402B7D0FBF000F7E58 /* Release */ = {
			isa = XCBuildConfiguration;
			buildSettings = {
				ALWAYS_SEARCH_USER_PATHS = NO;
				ASSETCATALOG_COMPILER_GENERATE_SWIFT_ASSET_SYMBOL_EXTENSIONS = YES;
				CLANG_ANALYZER_NONNULL = YES;
				CLANG_ANALYZER_NUMBER_OBJECT_CONVERSION = YES_AGGRESSIVE;
				CLANG_CXX_LANGUAGE_STANDARD = "gnu++20";
				CLANG_ENABLE_MODULES = YES;
				CLANG_ENABLE_OBJC_ARC = YES;
				CLANG_ENABLE_OBJC_WEAK = YES;
				CLANG_WARN_BLOCK_CAPTURE_AUTORELEASING = YES;
				CLANG_WARN_BOOL_CONVERSION = YES;
				CLANG_WARN_COMMA = YES;
				CLANG_WARN_CONSTANT_CONVERSION = YES;
				CLANG_WARN_DEPRECATED_OBJC_IMPLEMENTATIONS = YES;
				CLANG_WARN_DIRECT_OBJC_ISA_USAGE = YES_ERROR;
				CLANG_WARN_DOCUMENTATION_COMMENTS = YES;
				CLANG_WARN_EMPTY_BODY = YES;
				CLANG_WARN_ENUM_CONVERSION = YES;
				CLANG_WARN_INFINITE_RECURSION = YES;
				CLANG_WARN_INT_CONVERSION = YES;
				CLANG_WARN_NON_LITERAL_NULL_CONVERSION = YES;
				CLANG_WARN_OBJC_IMPLICIT_RETAIN_SELF = YES;
				CLANG_WARN_OBJC_LITERAL_CONVERSION = YES;
				CLANG_WARN_OBJC_ROOT_CLASS = YES_ERROR;
				CLANG_WARN_QUOTED_INCLUDE_IN_FRAMEWORK_HEADER = YES;
				CLANG_WARN_RANGE_LOOP_ANALYSIS = YES;
				CLANG_WARN_STRICT_PROTOTYPES = YES;
				CLANG_WARN_SUSPICIOUS_MOVE = YES;
				CLANG_WARN_UNGUARDED_AVAILABILITY = YES_AGGRESSIVE;
				CLANG_WARN_UNREACHABLE_CODE = YES;
				CLANG_WARN__DUPLICATE_METHOD_MATCH = YES;
				COPY_PHASE_STRIP = NO;
				DEBUG_INFORMATION_FORMAT = "dwarf-with-dsym";
				ENABLE_NS_ASSERTIONS = NO;
				ENABLE_STRICT_OBJC_MSGSEND = YES;
				ENABLE_USER_SCRIPT_SANDBOXING = YES;
				GCC_C_LANGUAGE_STANDARD = gnu17;
				GCC_NO_COMMON_BLOCKS = YES;
				GCC_WARN_64_TO_32_BIT_CONVERSION = YES;
				GCC_WARN_ABOUT_RETURN_TYPE = YES_ERROR;
				GCC_WARN_UNDECLARED_SELECTOR = YES;
				GCC_WARN_UNINITIALIZED_AUTOS = YES_AGGRESSIVE;
				GCC_WARN_UNUSED_FUNCTION = YES;
				GCC_WARN_UNUSED_VARIABLE = YES;
				IPHONEOS_DEPLOYMENT_TARGET = 17.2;
				LOCALIZATION_PREFERS_STRING_CATALOGS = YES;
				MTL_ENABLE_DEBUG_INFO = NO;
				MTL_FAST_MATH = YES;
				SDKROOT = iphoneos;
				SWIFT_COMPILATION_MODE = wholemodule;
				VALIDATE_PRODUCT = YES;
			};
			name = Release;
		};
		CBF18D422B7D0FBF000F7E58 /* Debug */ = {
			isa = XCBuildConfiguration;
			buildSettings = {
				ASSETCATALOG_COMPILER_APPICON_NAME = AppIcon;
				ASSETCATALOG_COMPILER_GLOBAL_ACCENT_COLOR_NAME = AccentColor;
				CODE_SIGN_STYLE = Automatic;
				CURRENT_PROJECT_VERSION = 1;
				DEVELOPMENT_TEAM = R939VJ5M87;
				GENERATE_INFOPLIST_FILE = YES;
				INFOPLIST_FILE = StartFresh/Info.plist;
				INFOPLIST_KEY_UIApplicationSupportsIndirectInputEvents = YES;
				INFOPLIST_KEY_UILaunchStoryboardName = LaunchScreen;
				INFOPLIST_KEY_UIMainStoryboardFile = Main;
				INFOPLIST_KEY_UISupportedInterfaceOrientations_iPad = "UIInterfaceOrientationPortrait UIInterfaceOrientationPortraitUpsideDown UIInterfaceOrientationLandscapeLeft UIInterfaceOrientationLandscapeRight";
				INFOPLIST_KEY_UISupportedInterfaceOrientations_iPhone = "UIInterfaceOrientationPortrait UIInterfaceOrientationLandscapeLeft UIInterfaceOrientationLandscapeRight";
				LD_RUNPATH_SEARCH_PATHS = (
					"$(inherited)",
					"@executable_path/Frameworks",
				);
				MARKETING_VERSION = 1.0;
				PRODUCT_BUNDLE_IDENTIFIER = com.GivingAHandUp.StartFresh;
				PRODUCT_NAME = "$(TARGET_NAME)";
				SWIFT_EMIT_LOC_STRINGS = YES;
				SWIFT_VERSION = 5.0;
				TARGETED_DEVICE_FAMILY = "1,2";
			};
			name = Debug;
		};
		CBF18D432B7D0FBF000F7E58 /* Release */ = {
			isa = XCBuildConfiguration;
			buildSettings = {
				ASSETCATALOG_COMPILER_APPICON_NAME = AppIcon;
				ASSETCATALOG_COMPILER_GLOBAL_ACCENT_COLOR_NAME = AccentColor;
				CODE_SIGN_STYLE = Automatic;
				CURRENT_PROJECT_VERSION = 1;
				DEVELOPMENT_TEAM = R939VJ5M87;
				GENERATE_INFOPLIST_FILE = YES;
				INFOPLIST_FILE = StartFresh/Info.plist;
				INFOPLIST_KEY_UIApplicationSupportsIndirectInputEvents = YES;
				INFOPLIST_KEY_UILaunchStoryboardName = LaunchScreen;
				INFOPLIST_KEY_UIMainStoryboardFile = Main;
				INFOPLIST_KEY_UISupportedInterfaceOrientations_iPad = "UIInterfaceOrientationPortrait UIInterfaceOrientationPortraitUpsideDown UIInterfaceOrientationLandscapeLeft UIInterfaceOrientationLandscapeRight";
				INFOPLIST_KEY_UISupportedInterfaceOrientations_iPhone = "UIInterfaceOrientationPortrait UIInterfaceOrientationLandscapeLeft UIInterfaceOrientationLandscapeRight";
				LD_RUNPATH_SEARCH_PATHS = (
					"$(inherited)",
					"@executable_path/Frameworks",
				);
				MARKETING_VERSION = 1.0;
				PRODUCT_BUNDLE_IDENTIFIER = com.GivingAHandUp.StartFresh;
				PRODUCT_NAME = "$(TARGET_NAME)";
				SWIFT_EMIT_LOC_STRINGS = YES;
				SWIFT_VERSION = 5.0;
				TARGETED_DEVICE_FAMILY = "1,2";
			};
			name = Release;
		};
/* End XCBuildConfiguration section */

/* Begin XCConfigurationList section */
		CBF18D282B7D0FBD000F7E58 /* Build configuration list for PBXProject "StartFresh" */ = {
			isa = XCConfigurationList;
			buildConfigurations = (
				CBF18D3F2B7D0FBF000F7E58 /* Debug */,
				CBF18D402B7D0FBF000F7E58 /* Release */,
			);
			defaultConfigurationIsVisible = 0;
			defaultConfigurationName = Release;
		};
		CBF18D412B7D0FBF000F7E58 /* Build configuration list for PBXNativeTarget "StartFresh" */ = {
			isa = XCConfigurationList;
			buildConfigurations = (
				CBF18D422B7D0FBF000F7E58 /* Debug */,
				CBF18D432B7D0FBF000F7E58 /* Release */,
			);
			defaultConfigurationIsVisible = 0;
			defaultConfigurationName = Release;
		};
/* End XCConfigurationList section */
	};
	rootObject = CBF18D252B7D0FBD000F7E58 /* Project object */;
}
